// !$*UTF8*$!
{
	archiveVersion = 1;
	classes = {
	};
	objectVersion = 46;
	objects = {

/* Begin PBXBuildFile section */
		3B08743A199EAEBA004A7A23 /* RouteViewController.m in Sources */ = {isa = PBXBuildFile; fileRef = 3B087439199EAEBA004A7A23 /* RouteViewController.m */; };
		3B12888119F6E0B9002E4689 /* starterMap.json in Resources */ = {isa = PBXBuildFile; fileRef = 3B12888019F6E0B9002E4689 /* starterMap.json */; };
		3B311ED3199D4E3500CB94B6 /* GoogleMaps.framework in Frameworks */ = {isa = PBXBuildFile; fileRef = 3B311ED2199D4E3500CB94B6 /* GoogleMaps.framework */; };
		3B311ED5199D4E7D00CB94B6 /* GoogleMaps.bundle in Resources */ = {isa = PBXBuildFile; fileRef = 3B311ED4199D4E7D00CB94B6 /* GoogleMaps.bundle */; };
		3B311ED7199D4EF300CB94B6 /* AVFoundation.framework in Frameworks */ = {isa = PBXBuildFile; fileRef = 3B311ED6199D4EF300CB94B6 /* AVFoundation.framework */; };
		3B311ED9199D4EFC00CB94B6 /* CoreData.framework in Frameworks */ = {isa = PBXBuildFile; fileRef = 3B311ED8199D4EFC00CB94B6 /* CoreData.framework */; };
		3B311EDB199D4F0400CB94B6 /* CoreLocation.framework in Frameworks */ = {isa = PBXBuildFile; fileRef = 3B311EDA199D4F0400CB94B6 /* CoreLocation.framework */; };
		3B311EDD199D4F0D00CB94B6 /* CoreText.framework in Frameworks */ = {isa = PBXBuildFile; fileRef = 3B311EDC199D4F0D00CB94B6 /* CoreText.framework */; };
		3B311EDF199D4F1500CB94B6 /* GLKit.framework in Frameworks */ = {isa = PBXBuildFile; fileRef = 3B311EDE199D4F1500CB94B6 /* GLKit.framework */; };
		3B311EE1199D4F1F00CB94B6 /* ImageIO.framework in Frameworks */ = {isa = PBXBuildFile; fileRef = 3B311EE0199D4F1F00CB94B6 /* ImageIO.framework */; };
		3B311EE3199D4F2900CB94B6 /* libc++.dylib in Frameworks */ = {isa = PBXBuildFile; fileRef = 3B311EE2199D4F2900CB94B6 /* libc++.dylib */; };
		3B311EE5199D4F4200CB94B6 /* libicucore.dylib in Frameworks */ = {isa = PBXBuildFile; fileRef = 3B311EE4199D4F4200CB94B6 /* libicucore.dylib */; };
		3B311EE7199D4F4B00CB94B6 /* libz.dylib in Frameworks */ = {isa = PBXBuildFile; fileRef = 3B311EE6199D4F4B00CB94B6 /* libz.dylib */; };
		3B311EE9199D4F5300CB94B6 /* OpenGLES.framework in Frameworks */ = {isa = PBXBuildFile; fileRef = 3B311EE8199D4F5300CB94B6 /* OpenGLES.framework */; };
		3B311EEB199D4F5A00CB94B6 /* QuartzCore.framework in Frameworks */ = {isa = PBXBuildFile; fileRef = 3B311EEA199D4F5A00CB94B6 /* QuartzCore.framework */; };
		3B311EED199D4F6100CB94B6 /* SystemConfiguration.framework in Frameworks */ = {isa = PBXBuildFile; fileRef = 3B311EEC199D4F6100CB94B6 /* SystemConfiguration.framework */; };
		3B49F23D19D5EEC3005E644D /* MapDelegates.m in Sources */ = {isa = PBXBuildFile; fileRef = 3B49F23C19D5EEC3005E644D /* MapDelegates.m */; };
		3B5D825A19A18693003E59BD /* Reachability.m in Sources */ = {isa = PBXBuildFile; fileRef = 3B5D825819A18693003E59BD /* Reachability.m */; };
		3B5D825D19A28EB0003E59BD /* SystemFunctions.m in Sources */ = {isa = PBXBuildFile; fileRef = 3B5D825C19A28EB0003E59BD /* SystemFunctions.m */; };
		3B704121199D3C5700498A82 /* Foundation.framework in Frameworks */ = {isa = PBXBuildFile; fileRef = 3B704120199D3C5700498A82 /* Foundation.framework */; };
		3B704123199D3C5700498A82 /* CoreGraphics.framework in Frameworks */ = {isa = PBXBuildFile; fileRef = 3B704122199D3C5700498A82 /* CoreGraphics.framework */; };
		3B704125199D3C5700498A82 /* UIKit.framework in Frameworks */ = {isa = PBXBuildFile; fileRef = 3B704124199D3C5700498A82 /* UIKit.framework */; };
		3B70412B199D3C5700498A82 /* InfoPlist.strings in Resources */ = {isa = PBXBuildFile; fileRef = 3B704129199D3C5700498A82 /* InfoPlist.strings */; };
		3B70412D199D3C5700498A82 /* main.m in Sources */ = {isa = PBXBuildFile; fileRef = 3B70412C199D3C5700498A82 /* main.m */; };
		3B704131199D3C5700498A82 /* AppDelegate.m in Sources */ = {isa = PBXBuildFile; fileRef = 3B704130199D3C5700498A82 /* AppDelegate.m */; };
		3B704134199D3C5700498A82 /* Main_iPhone.storyboard in Resources */ = {isa = PBXBuildFile; fileRef = 3B704132199D3C5700498A82 /* Main_iPhone.storyboard */; };
		3B704137199D3C5700498A82 /* Main_iPad.storyboard in Resources */ = {isa = PBXBuildFile; fileRef = 3B704135199D3C5700498A82 /* Main_iPad.storyboard */; };
		3B70413A199D3C5700498A82 /* ViewController.m in Sources */ = {isa = PBXBuildFile; fileRef = 3B704139199D3C5700498A82 /* ViewController.m */; };
		3B70413C199D3C5700498A82 /* Images.xcassets in Resources */ = {isa = PBXBuildFile; fileRef = 3B70413B199D3C5700498A82 /* Images.xcassets */; };
		3B704143199D3C5700498A82 /* XCTest.framework in Frameworks */ = {isa = PBXBuildFile; fileRef = 3B704142199D3C5700498A82 /* XCTest.framework */; };
		3B704144199D3C5700498A82 /* Foundation.framework in Frameworks */ = {isa = PBXBuildFile; fileRef = 3B704120199D3C5700498A82 /* Foundation.framework */; };
		3B704145199D3C5700498A82 /* UIKit.framework in Frameworks */ = {isa = PBXBuildFile; fileRef = 3B704124199D3C5700498A82 /* UIKit.framework */; };
		3B70414D199D3C5700498A82 /* InfoPlist.strings in Resources */ = {isa = PBXBuildFile; fileRef = 3B70414B199D3C5700498A82 /* InfoPlist.strings */; };
		3B70414F199D3C5700498A82 /* Roadtrip_IOSTests.m in Sources */ = {isa = PBXBuildFile; fileRef = 3B70414E199D3C5700498A82 /* Roadtrip_IOSTests.m */; };
		3BB298FE199EB6F400B3B6BC /* MapFunctions.m in Sources */ = {isa = PBXBuildFile; fileRef = 3BB298FD199EB6F400B3B6BC /* MapFunctions.m */; };
		3BB29901199ECAFE00B3B6BC /* ConfirmRouteViewController.m in Sources */ = {isa = PBXBuildFile; fileRef = 3BB29900199ECAFE00B3B6BC /* ConfirmRouteViewController.m */; };
		3BB2991119A02A7500B3B6BC /* CFNetwork.framework in Frameworks */ = {isa = PBXBuildFile; fileRef = 3BB2991019A02A7500B3B6BC /* CFNetwork.framework */; };
		3BB2991319A02A9F00B3B6BC /* MobileCoreServices.framework in Frameworks */ = {isa = PBXBuildFile; fileRef = 3BB2991219A02A9F00B3B6BC /* MobileCoreServices.framework */; };
/* End PBXBuildFile section */

/* Begin PBXContainerItemProxy section */
		3B704146199D3C5700498A82 /* PBXContainerItemProxy */ = {
			isa = PBXContainerItemProxy;
			containerPortal = 3B704115199D3C5700498A82 /* Project object */;
			proxyType = 1;
			remoteGlobalIDString = 3B70411C199D3C5700498A82;
			remoteInfo = Roadtrip_IOS;
		};
/* End PBXContainerItemProxy section */

/* Begin PBXFileReference section */
		3B087438199EAEBA004A7A23 /* RouteViewController.h */ = {isa = PBXFileReference; fileEncoding = 4; lastKnownFileType = sourcecode.c.h; path = RouteViewController.h; sourceTree = "<group>"; };
		3B087439199EAEBA004A7A23 /* RouteViewController.m */ = {isa = PBXFileReference; fileEncoding = 4; lastKnownFileType = sourcecode.c.objc; path = RouteViewController.m; sourceTree = "<group>"; };
		3B12888019F6E0B9002E4689 /* starterMap.json */ = {isa = PBXFileReference; fileEncoding = 4; lastKnownFileType = text.json; name = starterMap.json; path = ../../../Desktop/starterMap.json; sourceTree = "<group>"; };
		3B311ED2199D4E3500CB94B6 /* GoogleMaps.framework */ = {isa = PBXFileReference; lastKnownFileType = wrapper.framework; path = GoogleMaps.framework; sourceTree = "<group>"; };
		3B311ED4199D4E7D00CB94B6 /* GoogleMaps.bundle */ = {isa = PBXFileReference; lastKnownFileType = "wrapper.plug-in"; name = GoogleMaps.bundle; path = GoogleMaps.framework/Versions/A/Resources/GoogleMaps.bundle; sourceTree = "<group>"; };
		3B311ED6199D4EF300CB94B6 /* AVFoundation.framework */ = {isa = PBXFileReference; lastKnownFileType = wrapper.framework; name = AVFoundation.framework; path = System/Library/Frameworks/AVFoundation.framework; sourceTree = SDKROOT; };
		3B311ED8199D4EFC00CB94B6 /* CoreData.framework */ = {isa = PBXFileReference; lastKnownFileType = wrapper.framework; name = CoreData.framework; path = System/Library/Frameworks/CoreData.framework; sourceTree = SDKROOT; };
		3B311EDA199D4F0400CB94B6 /* CoreLocation.framework */ = {isa = PBXFileReference; lastKnownFileType = wrapper.framework; name = CoreLocation.framework; path = System/Library/Frameworks/CoreLocation.framework; sourceTree = SDKROOT; };
		3B311EDC199D4F0D00CB94B6 /* CoreText.framework */ = {isa = PBXFileReference; lastKnownFileType = wrapper.framework; name = CoreText.framework; path = System/Library/Frameworks/CoreText.framework; sourceTree = SDKROOT; };
		3B311EDE199D4F1500CB94B6 /* GLKit.framework */ = {isa = PBXFileReference; lastKnownFileType = wrapper.framework; name = GLKit.framework; path = System/Library/Frameworks/GLKit.framework; sourceTree = SDKROOT; };
		3B311EE0199D4F1F00CB94B6 /* ImageIO.framework */ = {isa = PBXFileReference; lastKnownFileType = wrapper.framework; name = ImageIO.framework; path = System/Library/Frameworks/ImageIO.framework; sourceTree = SDKROOT; };
		3B311EE2199D4F2900CB94B6 /* libc++.dylib */ = {isa = PBXFileReference; lastKnownFileType = "compiled.mach-o.dylib"; name = "libc++.dylib"; path = "usr/lib/libc++.dylib"; sourceTree = SDKROOT; };
		3B311EE4199D4F4200CB94B6 /* libicucore.dylib */ = {isa = PBXFileReference; lastKnownFileType = "compiled.mach-o.dylib"; name = libicucore.dylib; path = usr/lib/libicucore.dylib; sourceTree = SDKROOT; };
		3B311EE6199D4F4B00CB94B6 /* libz.dylib */ = {isa = PBXFileReference; lastKnownFileType = "compiled.mach-o.dylib"; name = libz.dylib; path = usr/lib/libz.dylib; sourceTree = SDKROOT; };
		3B311EE8199D4F5300CB94B6 /* OpenGLES.framework */ = {isa = PBXFileReference; lastKnownFileType = wrapper.framework; name = OpenGLES.framework; path = System/Library/Frameworks/OpenGLES.framework; sourceTree = SDKROOT; };
		3B311EEA199D4F5A00CB94B6 /* QuartzCore.framework */ = {isa = PBXFileReference; lastKnownFileType = wrapper.framework; name = QuartzCore.framework; path = System/Library/Frameworks/QuartzCore.framework; sourceTree = SDKROOT; };
		3B311EEC199D4F6100CB94B6 /* SystemConfiguration.framework */ = {isa = PBXFileReference; lastKnownFileType = wrapper.framework; name = SystemConfiguration.framework; path = System/Library/Frameworks/SystemConfiguration.framework; sourceTree = SDKROOT; };
		3B49F23B19D5EEC3005E644D /* MapDelegates.h */ = {isa = PBXFileReference; fileEncoding = 4; lastKnownFileType = sourcecode.c.h; path = MapDelegates.h; sourceTree = "<group>"; };
		3B49F23C19D5EEC3005E644D /* MapDelegates.m */ = {isa = PBXFileReference; fileEncoding = 4; lastKnownFileType = sourcecode.c.objc; path = MapDelegates.m; sourceTree = "<group>"; };
		3B5D825819A18693003E59BD /* Reachability.m */ = {isa = PBXFileReference; fileEncoding = 4; lastKnownFileType = sourcecode.c.objc; name = Reachability.m; path = ../../../Downloads/Reachability.m; sourceTree = "<group>"; };
		3B5D825919A18693003E59BD /* Reachability.h */ = {isa = PBXFileReference; fileEncoding = 4; lastKnownFileType = sourcecode.c.h; name = Reachability.h; path = ../../../Downloads/Reachability.h; sourceTree = "<group>"; };
		3B5D825B19A28EB0003E59BD /* SystemFunctions.h */ = {isa = PBXFileReference; fileEncoding = 4; lastKnownFileType = sourcecode.c.h; path = SystemFunctions.h; sourceTree = "<group>"; };
		3B5D825C19A28EB0003E59BD /* SystemFunctions.m */ = {isa = PBXFileReference; fileEncoding = 4; lastKnownFileType = sourcecode.c.objc; path = SystemFunctions.m; sourceTree = "<group>"; };
		3B70411D199D3C5700498A82 /* RoadtripIOS.app */ = {isa = PBXFileReference; explicitFileType = wrapper.application; includeInIndex = 0; path = RoadtripIOS.app; sourceTree = BUILT_PRODUCTS_DIR; };
		3B704120199D3C5700498A82 /* Foundation.framework */ = {isa = PBXFileReference; lastKnownFileType = wrapper.framework; name = Foundation.framework; path = System/Library/Frameworks/Foundation.framework; sourceTree = SDKROOT; };
		3B704122199D3C5700498A82 /* CoreGraphics.framework */ = {isa = PBXFileReference; lastKnownFileType = wrapper.framework; name = CoreGraphics.framework; path = System/Library/Frameworks/CoreGraphics.framework; sourceTree = SDKROOT; };
		3B704124199D3C5700498A82 /* UIKit.framework */ = {isa = PBXFileReference; lastKnownFileType = wrapper.framework; name = UIKit.framework; path = System/Library/Frameworks/UIKit.framework; sourceTree = SDKROOT; };
		3B704128199D3C5700498A82 /* RoadtripIOS-Info.plist */ = {isa = PBXFileReference; lastKnownFileType = text.plist.xml; path = "RoadtripIOS-Info.plist"; sourceTree = "<group>"; };
		3B70412A199D3C5700498A82 /* en */ = {isa = PBXFileReference; lastKnownFileType = text.plist.strings; name = en; path = en.lproj/InfoPlist.strings; sourceTree = "<group>"; };
		3B70412C199D3C5700498A82 /* main.m */ = {isa = PBXFileReference; lastKnownFileType = sourcecode.c.objc; path = main.m; sourceTree = "<group>"; };
		3B70412E199D3C5700498A82 /* RoadtripIOS-Prefix.pch */ = {isa = PBXFileReference; lastKnownFileType = sourcecode.c.h; path = "RoadtripIOS-Prefix.pch"; sourceTree = "<group>"; };
		3B70412F199D3C5700498A82 /* AppDelegate.h */ = {isa = PBXFileReference; lastKnownFileType = sourcecode.c.h; path = AppDelegate.h; sourceTree = "<group>"; };
		3B704130199D3C5700498A82 /* AppDelegate.m */ = {isa = PBXFileReference; lastKnownFileType = sourcecode.c.objc; path = AppDelegate.m; sourceTree = "<group>"; };
		3B704133199D3C5700498A82 /* Base */ = {isa = PBXFileReference; lastKnownFileType = file.storyboard; name = Base; path = Base.lproj/Main_iPhone.storyboard; sourceTree = "<group>"; };
		3B704136199D3C5700498A82 /* Base */ = {isa = PBXFileReference; lastKnownFileType = file.storyboard; name = Base; path = Base.lproj/Main_iPad.storyboard; sourceTree = "<group>"; };
		3B704138199D3C5700498A82 /* ViewController.h */ = {isa = PBXFileReference; lastKnownFileType = sourcecode.c.h; path = ViewController.h; sourceTree = "<group>"; };
		3B704139199D3C5700498A82 /* ViewController.m */ = {isa = PBXFileReference; lastKnownFileType = sourcecode.c.objc; path = ViewController.m; sourceTree = "<group>"; };
		3B70413B199D3C5700498A82 /* Images.xcassets */ = {isa = PBXFileReference; lastKnownFileType = folder.assetcatalog; path = Images.xcassets; sourceTree = "<group>"; };
		3B704141199D3C5700498A82 /* RoadtripIOSTests.xctest */ = {isa = PBXFileReference; explicitFileType = wrapper.cfbundle; includeInIndex = 0; path = RoadtripIOSTests.xctest; sourceTree = BUILT_PRODUCTS_DIR; };
		3B704142199D3C5700498A82 /* XCTest.framework */ = {isa = PBXFileReference; lastKnownFileType = wrapper.framework; name = XCTest.framework; path = Library/Frameworks/XCTest.framework; sourceTree = DEVELOPER_DIR; };
		3B70414A199D3C5700498A82 /* RoadtripIOSTests-Info.plist */ = {isa = PBXFileReference; lastKnownFileType = text.plist.xml; path = "RoadtripIOSTests-Info.plist"; sourceTree = "<group>"; };
		3B70414C199D3C5700498A82 /* en */ = {isa = PBXFileReference; lastKnownFileType = text.plist.strings; name = en; path = en.lproj/InfoPlist.strings; sourceTree = "<group>"; };
		3B70414E199D3C5700498A82 /* Roadtrip_IOSTests.m */ = {isa = PBXFileReference; lastKnownFileType = sourcecode.c.objc; path = Roadtrip_IOSTests.m; sourceTree = "<group>"; };
		3BB298FC199EB6F400B3B6BC /* MapFunctions.h */ = {isa = PBXFileReference; fileEncoding = 4; lastKnownFileType = sourcecode.c.h; path = MapFunctions.h; sourceTree = "<group>"; };
		3BB298FD199EB6F400B3B6BC /* MapFunctions.m */ = {isa = PBXFileReference; fileEncoding = 4; lastKnownFileType = sourcecode.c.objc; path = MapFunctions.m; sourceTree = "<group>"; };
		3BB298FF199ECAFE00B3B6BC /* ConfirmRouteViewController.h */ = {isa = PBXFileReference; fileEncoding = 4; lastKnownFileType = sourcecode.c.h; path = ConfirmRouteViewController.h; sourceTree = "<group>"; };
		3BB29900199ECAFE00B3B6BC /* ConfirmRouteViewController.m */ = {isa = PBXFileReference; fileEncoding = 4; lastKnownFileType = sourcecode.c.objc; path = ConfirmRouteViewController.m; sourceTree = "<group>"; };
		3BB2991019A02A7500B3B6BC /* CFNetwork.framework */ = {isa = PBXFileReference; lastKnownFileType = wrapper.framework; name = CFNetwork.framework; path = System/Library/Frameworks/CFNetwork.framework; sourceTree = SDKROOT; };
		3BB2991219A02A9F00B3B6BC /* MobileCoreServices.framework */ = {isa = PBXFileReference; lastKnownFileType = wrapper.framework; name = MobileCoreServices.framework; path = System/Library/Frameworks/MobileCoreServices.framework; sourceTree = SDKROOT; };
		3BC0880B19A6A2900006BAA1 /* en */ = {isa = PBXFileReference; lastKnownFileType = sourcecode.c.h; name = en; path = en.lproj/UserData.h; sourceTree = "<group>"; };
		3BC0880D19A6A2900006BAA1 /* en */ = {isa = PBXFileReference; lastKnownFileType = sourcecode.c.objc; name = en; path = en.lproj/UserData.m; sourceTree = "<group>"; };
/* End PBXFileReference section */

/* Begin PBXFrameworksBuildPhase section */
		3B70411A199D3C5700498A82 /* Frameworks */ = {
			isa = PBXFrameworksBuildPhase;
			buildActionMask = 2147483647;
			files = (
				3B311EE7199D4F4B00CB94B6 /* libz.dylib in Frameworks */,
				3B704123199D3C5700498A82 /* CoreGraphics.framework in Frameworks */,
				3BB2991319A02A9F00B3B6BC /* MobileCoreServices.framework in Frameworks */,
				3B311EED199D4F6100CB94B6 /* SystemConfiguration.framework in Frameworks */,
				3BB2991119A02A7500B3B6BC /* CFNetwork.framework in Frameworks */,
				3B311EEB199D4F5A00CB94B6 /* QuartzCore.framework in Frameworks */,
				3B311EE9199D4F5300CB94B6 /* OpenGLES.framework in Frameworks */,
				3B311EE5199D4F4200CB94B6 /* libicucore.dylib in Frameworks */,
				3B311EE3199D4F2900CB94B6 /* libc++.dylib in Frameworks */,
				3B311EE1199D4F1F00CB94B6 /* ImageIO.framework in Frameworks */,
				3B311EDF199D4F1500CB94B6 /* GLKit.framework in Frameworks */,
				3B311EDD199D4F0D00CB94B6 /* CoreText.framework in Frameworks */,
				3B311EDB199D4F0400CB94B6 /* CoreLocation.framework in Frameworks */,
				3B311ED9199D4EFC00CB94B6 /* CoreData.framework in Frameworks */,
				3B311ED7199D4EF300CB94B6 /* AVFoundation.framework in Frameworks */,
				3B704125199D3C5700498A82 /* UIKit.framework in Frameworks */,
				3B311ED3199D4E3500CB94B6 /* GoogleMaps.framework in Frameworks */,
				3B704121199D3C5700498A82 /* Foundation.framework in Frameworks */,
			);
			runOnlyForDeploymentPostprocessing = 0;
		};
		3B70413E199D3C5700498A82 /* Frameworks */ = {
			isa = PBXFrameworksBuildPhase;
			buildActionMask = 2147483647;
			files = (
				3B704143199D3C5700498A82 /* XCTest.framework in Frameworks */,
				3B704145199D3C5700498A82 /* UIKit.framework in Frameworks */,
				3B704144199D3C5700498A82 /* Foundation.framework in Frameworks */,
			);
			runOnlyForDeploymentPostprocessing = 0;
		};
/* End PBXFrameworksBuildPhase section */

/* Begin PBXGroup section */
		3B12887F19F6E0A0002E4689 /* Resources */ = {
			isa = PBXGroup;
			children = (
				3B12888019F6E0B9002E4689 /* starterMap.json */,
			);
			name = Resources;
			sourceTree = "<group>";
		};
		3B5D825719A18671003E59BD /* Reachability */ = {
			isa = PBXGroup;
			children = (
				3B5D825819A18693003E59BD /* Reachability.m */,
				3B5D825919A18693003E59BD /* Reachability.h */,
			);
			name = Reachability;
			sourceTree = "<group>";
		};
		3B704114199D3C5700498A82 = {
			isa = PBXGroup;
			children = (
				3B704126199D3C5700498A82 /* Roadtrip_IOS */,
				3B704148199D3C5700498A82 /* Roadtrip_IOSTests */,
				3B70411F199D3C5700498A82 /* Frameworks */,
				3B70411E199D3C5700498A82 /* Products */,
			);
			sourceTree = "<group>";
		};
		3B70411E199D3C5700498A82 /* Products */ = {
			isa = PBXGroup;
			children = (
				3B70411D199D3C5700498A82 /* RoadtripIOS.app */,
				3B704141199D3C5700498A82 /* RoadtripIOSTests.xctest */,
			);
			name = Products;
			sourceTree = "<group>";
		};
		3B70411F199D3C5700498A82 /* Frameworks */ = {
			isa = PBXGroup;
			children = (
				3BB2991219A02A9F00B3B6BC /* MobileCoreServices.framework */,
				3BB2991019A02A7500B3B6BC /* CFNetwork.framework */,
				3B311EEC199D4F6100CB94B6 /* SystemConfiguration.framework */,
				3B311EEA199D4F5A00CB94B6 /* QuartzCore.framework */,
				3B311EE8199D4F5300CB94B6 /* OpenGLES.framework */,
				3B311EE6199D4F4B00CB94B6 /* libz.dylib */,
				3B311EE4199D4F4200CB94B6 /* libicucore.dylib */,
				3B311EE2199D4F2900CB94B6 /* libc++.dylib */,
				3B311EE0199D4F1F00CB94B6 /* ImageIO.framework */,
				3B311EDE199D4F1500CB94B6 /* GLKit.framework */,
				3B311EDC199D4F0D00CB94B6 /* CoreText.framework */,
				3B311EDA199D4F0400CB94B6 /* CoreLocation.framework */,
				3B311ED8199D4EFC00CB94B6 /* CoreData.framework */,
				3B311ED6199D4EF300CB94B6 /* AVFoundation.framework */,
				3B311ED4199D4E7D00CB94B6 /* GoogleMaps.bundle */,
				3B311ED2199D4E3500CB94B6 /* GoogleMaps.framework */,
				3B704120199D3C5700498A82 /* Foundation.framework */,
				3B704122199D3C5700498A82 /* CoreGraphics.framework */,
				3B704124199D3C5700498A82 /* UIKit.framework */,
				3B704142199D3C5700498A82 /* XCTest.framework */,
			);
			name = Frameworks;
			sourceTree = "<group>";
		};
		3B704126199D3C5700498A82 /* Roadtrip_IOS */ = {
			isa = PBXGroup;
			children = (
				3B12887F19F6E0A0002E4689 /* Resources */,
				3BC0880919A6A2750006BAA1 /* UserData */,
				3B70412F199D3C5700498A82 /* AppDelegate.h */,
				3B5D825719A18671003E59BD /* Reachability */,
				3BB298FB199EB69800B3B6BC /* MapFunctions */,
				3B704130199D3C5700498A82 /* AppDelegate.m */,
				3B704132199D3C5700498A82 /* Main_iPhone.storyboard */,
				3B704135199D3C5700498A82 /* Main_iPad.storyboard */,
				3B5D825B19A28EB0003E59BD /* SystemFunctions.h */,
				3B5D825C19A28EB0003E59BD /* SystemFunctions.m */,
				3BB298FA199EB68C00B3B6BC /* Views */,
				3B70413B199D3C5700498A82 /* Images.xcassets */,
				3B704127199D3C5700498A82 /* Supporting Files */,
			);
			path = Roadtrip_IOS;
			sourceTree = "<group>";
		};
		3B704127199D3C5700498A82 /* Supporting Files */ = {
			isa = PBXGroup;
			children = (
				3B704128199D3C5700498A82 /* RoadtripIOS-Info.plist */,
				3B704129199D3C5700498A82 /* InfoPlist.strings */,
				3B70412C199D3C5700498A82 /* main.m */,
				3B70412E199D3C5700498A82 /* RoadtripIOS-Prefix.pch */,
			);
			name = "Supporting Files";
			sourceTree = "<group>";
		};
		3B704148199D3C5700498A82 /* Roadtrip_IOSTests */ = {
			isa = PBXGroup;
			children = (
				3B70414E199D3C5700498A82 /* Roadtrip_IOSTests.m */,
				3B704149199D3C5700498A82 /* Supporting Files */,
			);
			path = Roadtrip_IOSTests;
			sourceTree = "<group>";
		};
		3B704149199D3C5700498A82 /* Supporting Files */ = {
			isa = PBXGroup;
			children = (
				3B70414A199D3C5700498A82 /* RoadtripIOSTests-Info.plist */,
				3B70414B199D3C5700498A82 /* InfoPlist.strings */,
			);
			name = "Supporting Files";
			sourceTree = "<group>";
		};
		3BB298FA199EB68C00B3B6BC /* Views */ = {
			isa = PBXGroup;
			children = (
				3B087438199EAEBA004A7A23 /* RouteViewController.h */,
				3B087439199EAEBA004A7A23 /* RouteViewController.m */,
				3B704138199D3C5700498A82 /* ViewController.h */,
				3B704139199D3C5700498A82 /* ViewController.m */,
				3BB298FF199ECAFE00B3B6BC /* ConfirmRouteViewController.h */,
				3BB29900199ECAFE00B3B6BC /* ConfirmRouteViewController.m */,
			);
			name = Views;
			sourceTree = "<group>";
		};
		3BB298FB199EB69800B3B6BC /* MapFunctions */ = {
			isa = PBXGroup;
			children = (
				3BB298FC199EB6F400B3B6BC /* MapFunctions.h */,
				3BB298FD199EB6F400B3B6BC /* MapFunctions.m */,
				3B49F23B19D5EEC3005E644D /* MapDelegates.h */,
				3B49F23C19D5EEC3005E644D /* MapDelegates.m */,
			);
			name = MapFunctions;
			sourceTree = "<group>";
		};
		3BC0880919A6A2750006BAA1 /* UserData */ = {
			isa = PBXGroup;
			children = (
				3BC0880A19A6A2900006BAA1 /* UserData.h */,
				3BC0880C19A6A2900006BAA1 /* UserData.m */,
			);
			name = UserData;
			sourceTree = "<group>";
		};
/* End PBXGroup section */

/* Begin PBXNativeTarget section */
		3B70411C199D3C5700498A82 /* RoadtripIOS */ = {
			isa = PBXNativeTarget;
			buildConfigurationList = 3B704152199D3C5700498A82 /* Build configuration list for PBXNativeTarget "RoadtripIOS" */;
			buildPhases = (
				3B704119199D3C5700498A82 /* Sources */,
				3B70411A199D3C5700498A82 /* Frameworks */,
				3B70411B199D3C5700498A82 /* Resources */,
			);
			buildRules = (
			);
			dependencies = (
			);
			name = RoadtripIOS;
			productName = Roadtrip_IOS;
			productReference = 3B70411D199D3C5700498A82 /* RoadtripIOS.app */;
			productType = "com.apple.product-type.application";
		};
		3B704140199D3C5700498A82 /* RoadtripIOSTests */ = {
			isa = PBXNativeTarget;
			buildConfigurationList = 3B704155199D3C5700498A82 /* Build configuration list for PBXNativeTarget "RoadtripIOSTests" */;
			buildPhases = (
				3B70413D199D3C5700498A82 /* Sources */,
				3B70413E199D3C5700498A82 /* Frameworks */,
				3B70413F199D3C5700498A82 /* Resources */,
			);
			buildRules = (
			);
			dependencies = (
				3B704147199D3C5700498A82 /* PBXTargetDependency */,
			);
			name = RoadtripIOSTests;
			productName = Roadtrip_IOSTests;
			productReference = 3B704141199D3C5700498A82 /* RoadtripIOSTests.xctest */;
			productType = "com.apple.product-type.bundle.unit-test";
		};
/* End PBXNativeTarget section */

/* Begin PBXProject section */
		3B704115199D3C5700498A82 /* Project object */ = {
			isa = PBXProject;
			attributes = {
				LastUpgradeCheck = 0510;
				ORGANIZATIONNAME = SomethingOrOther;
				TargetAttributes = {
					3B70411C199D3C5700498A82 = {
						DevelopmentTeam = Z6P54J7Z2Y;
					};
					3B704140199D3C5700498A82 = {
						TestTargetID = 3B70411C199D3C5700498A82;
					};
				};
			};
			buildConfigurationList = 3B704118199D3C5700498A82 /* Build configuration list for PBXProject "RoadtripIOS" */;
			compatibilityVersion = "Xcode 3.2";
			developmentRegion = English;
			hasScannedForEncodings = 0;
			knownRegions = (
				en,
				Base,
			);
			mainGroup = 3B704114199D3C5700498A82;
			productRefGroup = 3B70411E199D3C5700498A82 /* Products */;
			projectDirPath = "";
			projectRoot = "";
			targets = (
				3B70411C199D3C5700498A82 /* RoadtripIOS */,
				3B704140199D3C5700498A82 /* RoadtripIOSTests */,
			);
		};
/* End PBXProject section */

/* Begin PBXResourcesBuildPhase section */
		3B70411B199D3C5700498A82 /* Resources */ = {
			isa = PBXResourcesBuildPhase;
			buildActionMask = 2147483647;
			files = (
				3B12888119F6E0B9002E4689 /* starterMap.json in Resources */,
				3B704137199D3C5700498A82 /* Main_iPad.storyboard in Resources */,
				3B70413C199D3C5700498A82 /* Images.xcassets in Resources */,
				3B704134199D3C5700498A82 /* Main_iPhone.storyboard in Resources */,
				3B70412B199D3C5700498A82 /* InfoPlist.strings in Resources */,
				3B311ED5199D4E7D00CB94B6 /* GoogleMaps.bundle in Resources */,
			);
			runOnlyForDeploymentPostprocessing = 0;
		};
		3B70413F199D3C5700498A82 /* Resources */ = {
			isa = PBXResourcesBuildPhase;
			buildActionMask = 2147483647;
			files = (
				3B70414D199D3C5700498A82 /* InfoPlist.strings in Resources */,
			);
			runOnlyForDeploymentPostprocessing = 0;
		};
/* End PBXResourcesBuildPhase section */

/* Begin PBXSourcesBuildPhase section */
		3B704119199D3C5700498A82 /* Sources */ = {
			isa = PBXSourcesBuildPhase;
			buildActionMask = 2147483647;
			files = (
				3BB298FE199EB6F400B3B6BC /* MapFunctions.m in Sources */,
				3BB29901199ECAFE00B3B6BC /* ConfirmRouteViewController.m in Sources */,
				3B5D825D19A28EB0003E59BD /* SystemFunctions.m in Sources */,
				3B70413A199D3C5700498A82 /* ViewController.m in Sources */,
				3B49F23D19D5EEC3005E644D /* MapDelegates.m in Sources */,
				3B5D825A19A18693003E59BD /* Reachability.m in Sources */,
				3B704131199D3C5700498A82 /* AppDelegate.m in Sources */,
				3B08743A199EAEBA004A7A23 /* RouteViewController.m in Sources */,
				3B70412D199D3C5700498A82 /* main.m in Sources */,
			);
			runOnlyForDeploymentPostprocessing = 0;
		};
		3B70413D199D3C5700498A82 /* Sources */ = {
			isa = PBXSourcesBuildPhase;
			buildActionMask = 2147483647;
			files = (
				3B70414F199D3C5700498A82 /* Roadtrip_IOSTests.m in Sources */,
			);
			runOnlyForDeploymentPostprocessing = 0;
		};
/* End PBXSourcesBuildPhase section */

/* Begin PBXTargetDependency section */
		3B704147199D3C5700498A82 /* PBXTargetDependency */ = {
			isa = PBXTargetDependency;
			target = 3B70411C199D3C5700498A82 /* RoadtripIOS */;
			targetProxy = 3B704146199D3C5700498A82 /* PBXContainerItemProxy */;
		};
/* End PBXTargetDependency section */

/* Begin PBXVariantGroup section */
		3B704129199D3C5700498A82 /* InfoPlist.strings */ = {
			isa = PBXVariantGroup;
			children = (
				3B70412A199D3C5700498A82 /* en */,
			);
			name = InfoPlist.strings;
			sourceTree = "<group>";
		};
		3B704132199D3C5700498A82 /* Main_iPhone.storyboard */ = {
			isa = PBXVariantGroup;
			children = (
				3B704133199D3C5700498A82 /* Base */,
			);
			name = Main_iPhone.storyboard;
			sourceTree = "<group>";
		};
		3B704135199D3C5700498A82 /* Main_iPad.storyboard */ = {
			isa = PBXVariantGroup;
			children = (
				3B704136199D3C5700498A82 /* Base */,
			);
			name = Main_iPad.storyboard;
			sourceTree = "<group>";
		};
		3B70414B199D3C5700498A82 /* InfoPlist.strings */ = {
			isa = PBXVariantGroup;
			children = (
				3B70414C199D3C5700498A82 /* en */,
			);
			name = InfoPlist.strings;
			sourceTree = "<group>";
		};
		3BC0880A19A6A2900006BAA1 /* UserData.h */ = {
			isa = PBXVariantGroup;
			children = (
				3BC0880B19A6A2900006BAA1 /* en */,
			);
			name = UserData.h;
			sourceTree = "<group>";
		};
		3BC0880C19A6A2900006BAA1 /* UserData.m */ = {
			isa = PBXVariantGroup;
			children = (
				3BC0880D19A6A2900006BAA1 /* en */,
			);
			name = UserData.m;
			sourceTree = "<group>";
		};
/* End PBXVariantGroup section */

/* Begin XCBuildConfiguration section */
		3B704150199D3C5700498A82 /* Debug */ = {
			isa = XCBuildConfiguration;
			buildSettings = {
				ALWAYS_SEARCH_USER_PATHS = NO;
				CLANG_CXX_LANGUAGE_STANDARD = "gnu++0x";
				CLANG_CXX_LIBRARY = "libc++";
				CLANG_ENABLE_MODULES = YES;
				CLANG_ENABLE_OBJC_ARC = YES;
				CLANG_WARN_BOOL_CONVERSION = YES;
				CLANG_WARN_CONSTANT_CONVERSION = YES;
				CLANG_WARN_DIRECT_OBJC_ISA_USAGE = YES_ERROR;
				CLANG_WARN_EMPTY_BODY = YES;
				CLANG_WARN_ENUM_CONVERSION = YES;
				CLANG_WARN_INT_CONVERSION = YES;
				CLANG_WARN_OBJC_ROOT_CLASS = YES_ERROR;
				CLANG_WARN__DUPLICATE_METHOD_MATCH = YES;
				"CODE_SIGN_IDENTITY[sdk=iphoneos*]" = "iPhone Developer";
				COPY_PHASE_STRIP = NO;
				GCC_C_LANGUAGE_STANDARD = gnu99;
				GCC_DYNAMIC_NO_PIC = NO;
				GCC_OPTIMIZATION_LEVEL = 0;
				GCC_PREPROCESSOR_DEFINITIONS = (
					"DEBUG=1",
					"$(inherited)",
				);
				GCC_SYMBOLS_PRIVATE_EXTERN = NO;
				GCC_WARN_64_TO_32_BIT_CONVERSION = YES;
				GCC_WARN_ABOUT_RETURN_TYPE = YES_ERROR;
				GCC_WARN_UNDECLARED_SELECTOR = YES;
				GCC_WARN_UNINITIALIZED_AUTOS = YES_AGGRESSIVE;
				GCC_WARN_UNUSED_FUNCTION = YES;
				GCC_WARN_UNUSED_VARIABLE = YES;
				IPHONEOS_DEPLOYMENT_TARGET = 7.1;
				ONLY_ACTIVE_ARCH = YES;
				SDKROOT = iphoneos;
				TARGETED_DEVICE_FAMILY = "1,2";
			};
			name = Debug;
		};
		3B704151199D3C5700498A82 /* Release */ = {
			isa = XCBuildConfiguration;
			buildSettings = {
				ALWAYS_SEARCH_USER_PATHS = NO;
				CLANG_CXX_LANGUAGE_STANDARD = "gnu++0x";
				CLANG_CXX_LIBRARY = "libc++";
				CLANG_ENABLE_MODULES = YES;
				CLANG_ENABLE_OBJC_ARC = YES;
				CLANG_WARN_BOOL_CONVERSION = YES;
				CLANG_WARN_CONSTANT_CONVERSION = YES;
				CLANG_WARN_DIRECT_OBJC_ISA_USAGE = YES_ERROR;
				CLANG_WARN_EMPTY_BODY = YES;
				CLANG_WARN_ENUM_CONVERSION = YES;
				CLANG_WARN_INT_CONVERSION = YES;
				CLANG_WARN_OBJC_ROOT_CLASS = YES_ERROR;
				CLANG_WARN__DUPLICATE_METHOD_MATCH = YES;
				"CODE_SIGN_IDENTITY[sdk=iphoneos*]" = "iPhone Developer";
				COPY_PHASE_STRIP = YES;
				ENABLE_NS_ASSERTIONS = NO;
				GCC_C_LANGUAGE_STANDARD = gnu99;
				GCC_WARN_64_TO_32_BIT_CONVERSION = YES;
				GCC_WARN_ABOUT_RETURN_TYPE = YES_ERROR;
				GCC_WARN_UNDECLARED_SELECTOR = YES;
				GCC_WARN_UNINITIALIZED_AUTOS = YES_AGGRESSIVE;
				GCC_WARN_UNUSED_FUNCTION = YES;
				GCC_WARN_UNUSED_VARIABLE = YES;
				IPHONEOS_DEPLOYMENT_TARGET = 7.1;
				SDKROOT = iphoneos;
				TARGETED_DEVICE_FAMILY = "1,2";
				VALIDATE_PRODUCT = YES;
			};
			name = Release;
		};
		3B704153199D3C5700498A82 /* Debug */ = {
			isa = XCBuildConfiguration;
			buildSettings = {
				ASSETCATALOG_COMPILER_APPICON_NAME = AppIcon;
				ASSETCATALOG_COMPILER_LAUNCHIMAGE_NAME = LaunchImage;
				CODE_SIGN_IDENTITY = "iPhone Developer";
				"CODE_SIGN_IDENTITY[sdk=iphoneos*]" = "iPhone Developer";
				FRAMEWORK_SEARCH_PATHS = (
					"$(inherited)",
					"$(PROJECT_DIR)",
				);
				GCC_PRECOMPILE_PREFIX_HEADER = YES;
				GCC_PREFIX_HEADER = "Roadtrip_IOS/RoadtripIOS-Prefix.pch";
				INFOPLIST_FILE = "Roadtrip_IOS/RoadtripIOS-Info.plist";
				IPHONEOS_DEPLOYMENT_TARGET = 7.1;
				OTHER_LDFLAGS = "-ObjC";
				PRODUCT_NAME = RoadtripIOS;
				PROVISIONING_PROFILE = "";
				WRAPPER_EXTENSION = app;
			};
			name = Debug;
		};
		3B704154199D3C5700498A82 /* Release */ = {
			isa = XCBuildConfiguration;
			buildSettings = {
				ASSETCATALOG_COMPILER_APPICON_NAME = AppIcon;
				ASSETCATALOG_COMPILER_LAUNCHIMAGE_NAME = LaunchImage;
				CODE_SIGN_IDENTITY = "iPhone Developer";
				"CODE_SIGN_IDENTITY[sdk=iphoneos*]" = "iPhone Developer";
				FRAMEWORK_SEARCH_PATHS = (
					"$(inherited)",
					"$(PROJECT_DIR)",
				);
				GCC_PRECOMPILE_PREFIX_HEADER = YES;
				GCC_PREFIX_HEADER = "Roadtrip_IOS/RoadtripIOS-Prefix.pch";
				INFOPLIST_FILE = "Roadtrip_IOS/RoadtripIOS-Info.plist";
				IPHONEOS_DEPLOYMENT_TARGET = 7.1;
				OTHER_LDFLAGS = "-ObjC";
				PRODUCT_NAME = RoadtripIOS;
				PROVISIONING_PROFILE = "";
				WRAPPER_EXTENSION = app;
			};
			name = Release;
		};
		3B704156199D3C5700498A82 /* Debug */ = {
			isa = XCBuildConfiguration;
			buildSettings = {
				BUNDLE_LOADER = "$(BUILT_PRODUCTS_DIR)/Roadtrip_IOS.app/Roadtrip_IOS";
				FRAMEWORK_SEARCH_PATHS = (
					"$(SDKROOT)/Developer/Library/Frameworks",
					"$(inherited)",
					"$(DEVELOPER_FRAMEWORKS_DIR)",
				);
				GCC_PRECOMPILE_PREFIX_HEADER = YES;
				GCC_PREFIX_HEADER = "Roadtrip_IOS/Roadtrip_IOS-Prefix.pch";
				GCC_PREPROCESSOR_DEFINITIONS = (
					"DEBUG=1",
					"$(inherited)",
				);
				INFOPLIST_FILE = "Roadtrip_IOSTests/RoadtripIOSTests-Info.plist";
				PRODUCT_NAME = RoadtripIOSTests;
				TEST_HOST = "$(BUNDLE_LOADER)";
				WRAPPER_EXTENSION = xctest;
			};
			name = Debug;
		};
		3B704157199D3C5700498A82 /* Release */ = {
			isa = XCBuildConfiguration;
			buildSettings = {
				BUNDLE_LOADER = "$(BUILT_PRODUCTS_DIR)/Roadtrip_IOS.app/Roadtrip_IOS";
				FRAMEWORK_SEARCH_PATHS = (
					"$(SDKROOT)/Developer/Library/Frameworks",
					"$(inherited)",
					"$(DEVELOPER_FRAMEWORKS_DIR)",
				);
				GCC_PRECOMPILE_PREFIX_HEADER = YES;
				GCC_PREFIX_HEADER = "Roadtrip_IOS/Roadtrip_IOS-Prefix.pch";
				INFOPLIST_FILE = "Roadtrip_IOSTests/RoadtripIOSTests-Info.plist";
				PRODUCT_NAME = RoadtripIOSTests;
				TEST_HOST = "$(BUNDLE_LOADER)";
				WRAPPER_EXTENSION = xctest;
			};
			name = Release;
		};
/* End XCBuildConfiguration section */

/* Begin XCConfigurationList section */
		3B704118199D3C5700498A82 /* Build configuration list for PBXProject "RoadtripIOS" */ = {
			isa = XCConfigurationList;
			buildConfigurations = (
				3B704150199D3C5700498A82 /* Debug */,
				3B704151199D3C5700498A82 /* Release */,
			);
			defaultConfigurationIsVisible = 0;
			defaultConfigurationName = Release;
		};
		3B704152199D3C5700498A82 /* Build configuration list for PBXNativeTarget "RoadtripIOS" */ = {
			isa = XCConfigurationList;
			buildConfigurations = (
				3B704153199D3C5700498A82 /* Debug */,
				3B704154199D3C5700498A82 /* Release */,
			);
			defaultConfigurationIsVisible = 0;
			defaultConfigurationName = Release;
		};
		3B704155199D3C5700498A82 /* Build configuration list for PBXNativeTarget "RoadtripIOSTests" */ = {
			isa = XCConfigurationList;
			buildConfigurations = (
				3B704156199D3C5700498A82 /* Debug */,
				3B704157199D3C5700498A82 /* Release */,
			);
			defaultConfigurationIsVisible = 0;
			defaultConfigurationName = Release;
		};
/* End XCConfigurationList section */
	};
	rootObject = 3B704115199D3C5700498A82 /* Project object */;
}
